<?xml version="1.0" encoding="utf-8"?>
<Project ToolsVersion="4.0" xmlns="http://schemas.microsoft.com/developer/msbuild/2003">
  <ItemGroup>
    <Filter Include="Source Files">
      <UniqueIdentifier>{4FC737F1-C7A5-4376-A066-2A32D752A2FF}</UniqueIdentifier>
      <Extensions>cpp;c;cc;cxx;def;odl;idl;hpj;bat;asm;asmx</Extensions>
    </Filter>
    <Filter Include="Header Files">
      <UniqueIdentifier>{93995380-89BD-4b04-88EB-625FBE52EBFB}</UniqueIdentifier>
      <Extensions>h;hh;hpp;hxx;hm;inl;inc;ipp;xsd</Extensions>
    </Filter>
    <Filter Include="Resource Files">
      <UniqueIdentifier>{67DA6AB6-F800-4c08-8B7A-83BB121AAD01}</UniqueIdentifier>
      <Extensions>rc;ico;cur;bmp;dlg;rc2;rct;bin;rgs;gif;jpg;jpeg;jpe;resx;tiff;tif;png;wav;mfcribbon-ms</Extensions>
    </Filter>
  </ItemGroup>
  <ItemGroup>
    <ClInclude Include="qcommon\qcommon.h">
      <Filter>Header Files</Filter>
    </ClInclude>
    <ClInclude Include="cgame_mp\cg_local.h">
      <Filter>Source Files</Filter>
    </ClInclude>
    <ClInclude Include="cgame_mp\cg_public.h">
      <Filter>Source Files</Filter>
    </ClInclude>
    <ClInclude Include="discord\discord.h">
      <Filter>Header Files</Filter>
    </ClInclude>
    <ClInclude Include="client_mp\client.h">
      <Filter>Header Files</Filter>
    </ClInclude>
    <ClInclude Include="cgame_mp\cg_draw_mp.h">
      <Filter>Header Files</Filter>
    </ClInclude>
    <ClInclude Include="cgame_mp\cg_main_mp.h">
      <Filter>Header Files</Filter>
    </ClInclude>
    <ClInclude Include="gl33\gl33.h">
      <Filter>Header Files</Filter>
    </ClInclude>
    <ClInclude Include="util\memutil\memutil.h">
      <Filter>Header Files</Filter>
    </ClInclude>
    <ClInclude Include="util\stdafx\stdafx.h">
      <Filter>Header Files</Filter>
    </ClInclude>
    <ClInclude Include="util\storage\storage.h">
      <Filter>Header Files</Filter>
    </ClInclude>
    <ClInclude Include="util\targetver\targetver.h">
      <Filter>Header Files</Filter>
    </ClInclude>
    <ClInclude Include="util\version\version.h">
      <Filter>Header Files</Filter>
    </ClInclude>
    <ClInclude Include="qcommon\common.h">
      <Filter>Header Files</Filter>
    </ClInclude>
    <ClInclude Include="util\unzip\unzip.h">
      <Filter>Header Files</Filter>
    </ClInclude>
  </ItemGroup>
  <ItemGroup>
    <ClCompile Include="win32\win_main.cpp">
      <Filter>Source Files</Filter>
    </ClCompile>
    <ClCompile Include="win32\mss32.cpp">
      <Filter>Source Files</Filter>
    </ClCompile>
    <ClCompile Include="client_mp\cl_main.cpp">
      <Filter>Source Files</Filter>
    </ClCompile>
    <ClCompile Include="cgame_mp\cg_servercmds.cpp">
      <Filter>Source Files</Filter>
    </ClCompile>
    <ClCompile Include="gfx_d3d\patch_gfx_dll.cpp">
      <Filter>Source Files</Filter>
    </ClCompile>
    <ClCompile Include="gfx_d3d\render.cpp">
      <Filter>Source Files</Filter>
    </ClCompile>
    <ClCompile Include="imgui\imgui.cpp">
      <Filter>Source Files</Filter>
    </ClCompile>
    <ClCompile Include="imgui\imgui_demo.cpp">
      <Filter>Source Files</Filter>
    </ClCompile>
    <ClCompile Include="imgui\imgui_draw.cpp">
      <Filter>Source Files</Filter>
    </ClCompile>
    <ClCompile Include="imgui\imgui_widgets.cpp">
      <Filter>Source Files</Filter>
    </ClCompile>
    <ClCompile Include="imgui\imgui_impl_win32.cpp">
      <Filter>Source Files</Filter>
    </ClCompile>
    <ClCompile Include="imgui\imgui_impl_opengl2.cpp">
      <Filter>Source Files</Filter>
    </ClCompile>
    <ClCompile Include="imgui\imgui_impl_dx9.cpp">
      <Filter>Source Files</Filter>
    </ClCompile>
    <ClCompile Include="cgame_mp\cg_consolecmds.cpp">
      <Filter>Source Files</Filter>
    </ClCompile>
    <ClCompile Include="qcommon\qcommon.cpp">
      <Filter>Source Files</Filter>
    </ClCompile>
    <ClCompile Include="discord\discord.cpp">
      <Filter>Source Files</Filter>
    </ClCompile>
    <ClCompile Include="cgame_mp\cg_draw_mp.cpp">
      <Filter>Source Files</Filter>
    </ClCompile>
    <ClCompile Include="cgame_mp\cg_main_mp.cpp">
      <Filter>Source Files</Filter>
    </ClCompile>
    <ClCompile Include="win32\dllmain.cpp">
      <Filter>Source Files</Filter>
    </ClCompile>
    <ClCompile Include="gl33\gl33.c">
      <Filter>Source Files</Filter>
    </ClCompile>
    <ClCompile Include="win32\hook.cpp">
      <Filter>Source Files</Filter>
    </ClCompile>
    <ClCompile Include="win32\librarymodule.cpp">
      <Filter>Source Files</Filter>
    </ClCompile>
    <ClCompile Include="util\memutil\memutil.cpp">
      <Filter>Source Files</Filter>
    </ClCompile>
    <ClCompile Include="util\storage\storage.cpp">
      <Filter>Source Files</Filter>
    </ClCompile>
    <ClCompile Include="xuid\xuid.cpp">
      <Filter>Source Files</Filter>
    </ClCompile>
    <ClCompile Include="xuid\xuidtool.cpp">
      <Filter>Source Files</Filter>
    </ClCompile>
    <ClCompile Include="util\zip\zip.cpp">
      <Filter>Source Files</Filter>
    </ClCompile>
    <ClCompile Include="win32\fixes.cpp">
      <Filter>Source Files</Filter>
    </ClCompile>
    <ClCompile Include="qcommon\common.cpp">
      <Filter>Source Files</Filter>
    </ClCompile>
    <ClCompile Include="util\unzip\unzip.cpp">
      <Filter>Source Files</Filter>
    </ClCompile>
  </ItemGroup>
</Project>