
Microsoft Visual Studio Solution File, Format Version 12.00
# Visual Studio Version 17
VisualStudioVersion = 17.5.33530.505
MinimumVisualStudioVersion = 10.0.40219.1
Project("{8BC9CEB8-8B4A-11D0-8D11-00A0C91BC942}") = "mss32", "mss32.vcxproj", "{6F66885A-B322-46A5-9B2C-948634A37703}"
EndProject
Project("{8BC9CEB8-8B4A-11D0-8D11-00A0C91BC942}") = "add CoD2MP_s.exe + working path for F5 starting", "vs\f5\f5.vcxproj", "{11BBFA37-55E5-49D8-B614-DD39C9037D76}"
EndProject
Project("{8BC9CEB8-8B4A-11D0-8D11-00A0C91BC942}") = "test_chakracore", "vs\test_chakracore\test_chakracore.vcxproj", "{8723567E-405B-48DC-A107-487E48F18662}"
EndProject
Global
	GlobalSection(SolutionConfigurationPlatforms) = preSolution
		Debug|x86 = Debug|x86
		Release|x86 = Release|x86
	EndGlobalSection
	GlobalSection(ProjectConfigurationPlatforms) = postSolution
		{6F66885A-B322-46A5-9B2C-948634A37703}.Debug|x86.ActiveCfg = Debug|Win32
		{6F66885A-B322-46A5-9B2C-948634A37703}.Debug|x86.Build.0 = Debug|Win32
		{6F66885A-B322-46A5-9B2C-948634A37703}.Release|x86.ActiveCfg = Release|Win32
		{6F66885A-B322-46A5-9B2C-948634A37703}.Release|x86.Build.0 = Release|Win32
		{11BBFA37-55E5-49D8-B614-DD39C9037D76}.Debug|x86.ActiveCfg = Debug|Win32
		{11BBFA37-55E5-49D8-B614-DD39C9037D76}.Debug|x86.Build.0 = Debug|Win32
		{11BBFA37-55E5-49D8-B614-DD39C9037D76}.Release|x86.ActiveCfg = Release|Win32
		{11BBFA37-55E5-49D8-B614-DD39C9037D76}.Release|x86.Build.0 = Release|Win32
		{8723567E-405B-48DC-A107-487E48F18662}.Debug|x86.ActiveCfg = Debug|Win32
		{8723567E-405B-48DC-A107-487E48F18662}.Debug|x86.Build.0 = Debug|Win32
		{8723567E-405B-48DC-A107-487E48F18662}.Release|x86.ActiveCfg = Release|Win32
		{8723567E-405B-48DC-A107-487E48F18662}.Release|x86.Build.0 = Release|Win32
	EndGlobalSection
	GlobalSection(SolutionProperties) = preSolution
		HideSolutionNode = FALSE
	EndGlobalSection
	GlobalSection(ExtensibilityGlobals) = postSolution
		SolutionGuid = {675630EF-971F-4FFF-A2E3-C9646472C0D2}
	EndGlobalSection
EndGlobal
